
Microsoft Visual Studio Solution File, Format Version 12.00
# Visual Studio 15
VisualStudioVersion = 15.0.26730.12
MinimumVisualStudioVersion = 10.0.40219.1
Project("{FAE04EC0-301F-11D3-BF4B-00C04F79EFBC}") = "ChallengeHeroMonsterClassesPart2", "ChallengeHeroMonsterClassesPart2\ChallengeHeroMonsterClassesPart2.csproj", "{8A1A9135-3E13-4598-8C96-28B971D3E0EC}"
EndProject
Global
	GlobalSection(SolutionConfigurationPlatforms) = preSolution
		Debug|Any CPU = Debug|Any CPU
		Release|Any CPU = Release|Any CPU
	EndGlobalSection
	GlobalSection(ProjectConfigurationPlatforms) = postSolution
		{8A1A9135-3E13-4598-8C96-28B971D3E0EC}.Debug|Any CPU.ActiveCfg = Debug|Any CPU
		{8A1A9135-3E13-4598-8C96-28B971D3E0EC}.Debug|Any CPU.Build.0 = Debug|Any CPU
		{8A1A9135-3E13-4598-8C96-28B971D3E0EC}.Release|Any CPU.ActiveCfg = Release|Any CPU
		{8A1A9135-3E13-4598-8C96-28B971D3E0EC}.Release|Any CPU.Build.0 = Release|Any CPU
	EndGlobalSection
	GlobalSection(SolutionProperties) = preSolution
		HideSolutionNode = FALSE
	EndGlobalSection
	GlobalSection(ExtensibilityGlobals) = postSolution
		SolutionGuid = {E7434255-8E66-4F6E-B087-3CF2987DF36D}
	EndGlobalSection
EndGlobal
